
Microsoft Visual Studio Solution File, Format Version 12.00
# Visual Studio Version 17
VisualStudioVersion = 17.8.34316.72
MinimumVisualStudioVersion = 10.0.40219.1
Project("{9A19103F-16F7-4668-BE54-9A1E7A4F7556}") = "ADA.DiverseDev.ExerciciosLogica.Exercicio1", "ADA.DiverseDev.ExerciciosLogica.Exercicio1\ADA.DiverseDev.ExerciciosLogica.Exercicio1.csproj", "{8E92F8E0-A64C-452C-B33D-BD6D544990F0}"
EndProject
Project("{9A19103F-16F7-4668-BE54-9A1E7A4F7556}") = "ADA.DiverseDev.ExerciciosLogica.Exercicio2", "ADA.DiverseDev.ExerciciosLogica.Exercicio2\ADA.DiverseDev.ExerciciosLogica.Exercicio2.csproj", "{EB7BC0D7-AC64-43F9-8F23-FC2964F20525}"
EndProject
Project("{9A19103F-16F7-4668-BE54-9A1E7A4F7556}") = "ADA.DiverseDev.ExerciciosLogica.Exercicio3", "ADA.DiverseDev.ExerciciosLogica.Exercicio3\ADA.DiverseDev.ExerciciosLogica.Exercicio3.csproj", "{F98159DF-7866-4C3E-8DE9-EE873FE17279}"
EndProject
Project("{9A19103F-16F7-4668-BE54-9A1E7A4F7556}") = "ADA.DiverseDev.ExerciciosLogica.Exercicio4", "ADA.DiverseDev.ExerciciosLogica.Exercicio4\ADA.DiverseDev.ExerciciosLogica.Exercicio4.csproj", "{AF74818C-3000-42FD-98E0-A3FA6F8AE64D}"
EndProject
Project("{9A19103F-16F7-4668-BE54-9A1E7A4F7556}") = "ADA.DiverseDev.ExerciciosLogica.Exercicio5", "ADA.DiverseDev.ExerciciosLogica.Exercicio5\ADA.DiverseDev.ExerciciosLogica.Exercicio5.csproj", "{51B6ABFF-68A0-4832-9C8F-46B012768F7D}"
EndProject
Project("{FAE04EC0-301F-11D3-BF4B-00C04F79EFBC}") = "ADA.DiverseDev.ExerciciosLogica.Exercicio7", "ADA.DiverseDev.ExerciciosLogica.Exercicio7\ADA.DiverseDev.ExerciciosLogica.Exercicio7.csproj", "{072BA4CA-0FC7-4643-941C-E4990DDC9D59}"
EndProject
Global
	GlobalSection(SolutionConfigurationPlatforms) = preSolution
		Debug|Any CPU = Debug|Any CPU
		Release|Any CPU = Release|Any CPU
	EndGlobalSection
	GlobalSection(ProjectConfigurationPlatforms) = postSolution
		{8E92F8E0-A64C-452C-B33D-BD6D544990F0}.Debug|Any CPU.ActiveCfg = Debug|Any CPU
		{8E92F8E0-A64C-452C-B33D-BD6D544990F0}.Debug|Any CPU.Build.0 = Debug|Any CPU
		{8E92F8E0-A64C-452C-B33D-BD6D544990F0}.Release|Any CPU.ActiveCfg = Release|Any CPU
		{8E92F8E0-A64C-452C-B33D-BD6D544990F0}.Release|Any CPU.Build.0 = Release|Any CPU
		{EB7BC0D7-AC64-43F9-8F23-FC2964F20525}.Debug|Any CPU.ActiveCfg = Debug|Any CPU
		{EB7BC0D7-AC64-43F9-8F23-FC2964F20525}.Debug|Any CPU.Build.0 = Debug|Any CPU
		{EB7BC0D7-AC64-43F9-8F23-FC2964F20525}.Release|Any CPU.ActiveCfg = Release|Any CPU
		{EB7BC0D7-AC64-43F9-8F23-FC2964F20525}.Release|Any CPU.Build.0 = Release|Any CPU
		{F98159DF-7866-4C3E-8DE9-EE873FE17279}.Debug|Any CPU.ActiveCfg = Debug|Any CPU
		{F98159DF-7866-4C3E-8DE9-EE873FE17279}.Debug|Any CPU.Build.0 = Debug|Any CPU
		{F98159DF-7866-4C3E-8DE9-EE873FE17279}.Release|Any CPU.ActiveCfg = Release|Any CPU
		{F98159DF-7866-4C3E-8DE9-EE873FE17279}.Release|Any CPU.Build.0 = Release|Any CPU
		{AF74818C-3000-42FD-98E0-A3FA6F8AE64D}.Debug|Any CPU.ActiveCfg = Debug|Any CPU
		{AF74818C-3000-42FD-98E0-A3FA6F8AE64D}.Debug|Any CPU.Build.0 = Debug|Any CPU
		{AF74818C-3000-42FD-98E0-A3FA6F8AE64D}.Release|Any CPU.ActiveCfg = Release|Any CPU
		{AF74818C-3000-42FD-98E0-A3FA6F8AE64D}.Release|Any CPU.Build.0 = Release|Any CPU
		{51B6ABFF-68A0-4832-9C8F-46B012768F7D}.Debug|Any CPU.ActiveCfg = Debug|Any CPU
		{51B6ABFF-68A0-4832-9C8F-46B012768F7D}.Debug|Any CPU.Build.0 = Debug|Any CPU
		{51B6ABFF-68A0-4832-9C8F-46B012768F7D}.Release|Any CPU.ActiveCfg = Release|Any CPU
		{51B6ABFF-68A0-4832-9C8F-46B012768F7D}.Release|Any CPU.Build.0 = Release|Any CPU
		{072BA4CA-0FC7-4643-941C-E4990DDC9D59}.Debug|Any CPU.ActiveCfg = Debug|Any CPU
		{072BA4CA-0FC7-4643-941C-E4990DDC9D59}.Debug|Any CPU.Build.0 = Debug|Any CPU
		{072BA4CA-0FC7-4643-941C-E4990DDC9D59}.Release|Any CPU.ActiveCfg = Release|Any CPU
		{072BA4CA-0FC7-4643-941C-E4990DDC9D59}.Release|Any CPU.Build.0 = Release|Any CPU
	EndGlobalSection
	GlobalSection(SolutionProperties) = preSolution
		HideSolutionNode = FALSE
	EndGlobalSection
	GlobalSection(ExtensibilityGlobals) = postSolution
		SolutionGuid = {51690CB0-64D1-40BE-AF06-CBA827AEE362}
	EndGlobalSection
EndGlobal
